
Microsoft Visual Studio Solution File, Format Version 12.00
# Visual Studio Version 17
VisualStudioVersion = 17.9.34607.119
MinimumVisualStudioVersion = 10.0.40219.1
Project("{9A19103F-16F7-4668-BE54-9A1E7A4F7556}") = "duetGPT", "duetGPT\duetGPT.csproj", "{3691A201-35B4-454E-9DEA-61E0574F4E28}"
EndProject
Project("{9A19103F-16F7-4668-BE54-9A1E7A4F7556}") = "Anthropic.SDK", "..\Anthropic.SDK\Anthropic.SDK\Anthropic.SDK.csproj", "{128FC1FC-392B-4CF8-AD4F-362D3487E69E}"
EndProject
Global
	GlobalSection(SolutionConfigurationPlatforms) = preSolution
		Debug|Any CPU = Debug|Any CPU
		Release|Any CPU = Release|Any CPU
	EndGlobalSection
	GlobalSection(ProjectConfigurationPlatforms) = postSolution
		{3691A201-35B4-454E-9DEA-61E0574F4E28}.Debug|Any CPU.ActiveCfg = Debug|Any CPU
		{3691A201-35B4-454E-9DEA-61E0574F4E28}.Debug|Any CPU.Build.0 = Debug|Any CPU
		{3691A201-35B4-454E-9DEA-61E0574F4E28}.Release|Any CPU.ActiveCfg = Release|Any CPU
		{3691A201-35B4-454E-9DEA-61E0574F4E28}.Release|Any CPU.Build.0 = Release|Any CPU
		{128FC1FC-392B-4CF8-AD4F-362D3487E69E}.Debug|Any CPU.ActiveCfg = Debug|Any CPU
		{128FC1FC-392B-4CF8-AD4F-362D3487E69E}.Debug|Any CPU.Build.0 = Debug|Any CPU
		{128FC1FC-392B-4CF8-AD4F-362D3487E69E}.Release|Any CPU.ActiveCfg = Release|Any CPU
		{128FC1FC-392B-4CF8-AD4F-362D3487E69E}.Release|Any CPU.Build.0 = Release|Any CPU
	EndGlobalSection
	GlobalSection(SolutionProperties) = preSolution
		HideSolutionNode = FALSE
	EndGlobalSection
	GlobalSection(ExtensibilityGlobals) = postSolution
		SolutionGuid = {C4A119E4-D05F-42AF-8349-C4ABE29D4C89}
	EndGlobalSection
EndGlobal
